{
  "name": "canse-utils-tuto",
  "version": "1.0.1",
  "lockfileVersion": 3,
  "requires": true,
  "packages": {
    "": {
      "name": "canse-utils-tuto",
      "version": "1.0.1",
      "dependencies": {
        "canse-utils-tuto": "^1.0.1"
      }
    },
    "node_modules/canse-utils-tuto": {
      "version": "1.0.1",
      "resolved": "https://registry.npmjs.org/canse-utils-tuto/-/canse-utils-tuto-1.0.1.tgz",
      "integrity": "sha512-aZYI+ZB1n4Qna1opxeXOwK4gPATevuYSE1AFJu8KLyj2vdMwDHA4nnws04K4C5JXKj4S1KtfRj8VEeGLV4SwPQ=="
    }
  }
}
