{
  "name": "canse-utils-tuto",
  "version": "1.0.2",
  "lockfileVersion": 3,
  "requires": true,
  "packages": {
    "": {
      "name": "canse-utils-tuto",
      "version": "1.0.2",
      "dependencies": {
        "canse-utils-tuto": "^1.0.2"
      }
    },
    "node_modules/canse-utils-tuto": {
      "version": "1.0.2",
      "resolved": "https://registry.npmjs.org/canse-utils-tuto/-/canse-utils-tuto-1.0.2.tgz",
      "integrity": "sha512-1FSpD3G/0CdqTjufZo5GBHc8HXQ/glCeHPuTqVuukwxZ0Nc6XR/f9xtF6hOSBsBfNShKMbaLzULQzhtrcUOqlQ==",
      "dependencies": {
        "canse-utils-tuto": "^1.0.1"
      }
    }
  }
}
